<?xml version="1.0" encoding="utf-8"?>
<Project ToolsVersion="4.0" xmlns="http://schemas.microsoft.com/developer/msbuild/2003">
  <ItemGroup>
    <Filter Include="Source Files">
      <UniqueIdentifier>{4FC737F1-C7A5-4376-A066-2A32D752A2FF}</UniqueIdentifier>
      <Extensions>cpp;c;cc;cxx;c++;cppm;ixx;def;odl;idl;hpj;bat;asm;asmx</Extensions>
    </Filter>
    <Filter Include="Header Files">
      <UniqueIdentifier>{93995380-89BD-4b04-88EB-625FBE52EBFB}</UniqueIdentifier>
      <Extensions>h;hh;hpp;hxx;h++;hm;inl;inc;ipp;xsd</Extensions>
    </Filter>
    <Filter Include="Resource Files">
      <UniqueIdentifier>{67DA6AB6-F800-4c08-8B7A-83BB121AAD01}</UniqueIdentifier>
      <Extensions>rc;ico;cur;bmp;dlg;rc2;rct;bin;rgs;gif;jpg;jpeg;jpe;resx;tiff;tif;png;wav;mfcribbon-ms</Extensions>
    </Filter>
  </ItemGroup>
  <ItemGroup>
    <ClCompile Include="Main.cpp">
      <Filter>Source Files</Filter>
    </ClCompile>
    <ClCompile Include="Vehiculo.cpp">
      <Filter>Source Files</Filter>
    </ClCompile>
    <ClCompile Include="Marca.cpp">
      <Filter>Source Files</Filter>
    </ClCompile>
    <ClCompile Include="Anio.cpp">
      <Filter>Source Files</Filter>
    </ClCompile>
    <ClCompile Include="Cilindrada.cpp">
      <Filter>Source Files</Filter>
    </ClCompile>
    <ClCompile Include="DevaluacionMarca.cpp">
      <Filter>Source Files</Filter>
    </ClCompile>
    <ClCompile Include="DevaluacionAnio.cpp">
      <Filter>Source Files</Filter>
    </ClCompile>
    <ClCompile Include="DevaluacionCilindros.cpp">
      <Filter>Source Files</Filter>
    </ClCompile>
    <ClCompile Include="IngresoDeInformacion.cpp">
      <Filter>Source Files</Filter>
    </ClCompile>
    <ClCompile Include="IMostrarResultados.cpp">
      <Filter>Source Files</Filter>
    </ClCompile>
    <ClCompile Include="InterfazPrincipal.cpp">
      <Filter>Source Files</Filter>
    </ClCompile>
    <ClCompile Include="IngresarMarca.cpp">
      <Filter>Source Files</Filter>
    </ClCompile>
    <ClCompile Include="IngresarAnio.cpp">
      <Filter>Source Files</Filter>
    </ClCompile>
    <ClCompile Include="IngresarCilindrada.cpp">
      <Filter>Source Files</Filter>
    </ClCompile>
    <ClCompile Include="IngresarPrecio.cpp">
      <Filter>Source Files</Filter>
    </ClCompile>
    <ClCompile Include="Precio.cpp">
      <Filter>Source Files</Filter>
    </ClCompile>
    <ClCompile Include="PrecioFinal.cpp">
      <Filter>Source Files</Filter>
    </ClCompile>
    <ClCompile Include="FuncionesEspeciales.cpp">
      <Filter>Source Files</Filter>
    </ClCompile>
  </ItemGroup>
  <ItemGroup>
    <ClInclude Include="Vehiculo.h">
      <Filter>Header Files</Filter>
    </ClInclude>
    <ClInclude Include="Marca.h">
      <Filter>Header Files</Filter>
    </ClInclude>
    <ClInclude Include="Anio.h">
      <Filter>Header Files</Filter>
    </ClInclude>
    <ClInclude Include="Cilindrada.h">
      <Filter>Header Files</Filter>
    </ClInclude>
    <ClInclude Include="DevaluacionMarca.h">
      <Filter>Header Files</Filter>
    </ClInclude>
    <ClInclude Include="DevaluacionAnio.h">
      <Filter>Header Files</Filter>
    </ClInclude>
    <ClInclude Include="DevaluacionCilindros.h">
      <Filter>Header Files</Filter>
    </ClInclude>
    <ClInclude Include="IngresoDeInformacion.h">
      <Filter>Header Files</Filter>
    </ClInclude>
    <ClInclude Include="IMostrarResultados.h">
      <Filter>Header Files</Filter>
    </ClInclude>
    <ClInclude Include="InterfazPrincipal.h">
      <Filter>Header Files</Filter>
    </ClInclude>
    <ClInclude Include="IngresarMarca.h">
      <Filter>Header Files</Filter>
    </ClInclude>
    <ClInclude Include="IngresarAnio.h">
      <Filter>Header Files</Filter>
    </ClInclude>
    <ClInclude Include="IngresarCilindrada.h">
      <Filter>Header Files</Filter>
    </ClInclude>
    <ClInclude Include="IngresarPrecio.h">
      <Filter>Header Files</Filter>
    </ClInclude>
    <ClInclude Include="Precio.h">
      <Filter>Header Files</Filter>
    </ClInclude>
    <ClInclude Include="FuncionesEspeciales.h">
      <Filter>Header Files</Filter>
    </ClInclude>
    <ClInclude Include="PrecioFinal.h">
      <Filter>Header Files</Filter>
    </ClInclude>
  </ItemGroup>
</Project>